// !$*UTF8*$!
{
	archiveVersion = 1;
	classes = {
	};
	objectVersion = 46;
	objects = {

/* Begin PBXBuildFile section */
		873E5E9F1E25316500857761 /* AppDelegate.swift in Sources */ = {isa = PBXBuildFile; fileRef = 873E5E9E1E25316500857761 /* AppDelegate.swift */; };
		873E5EA41E25316500857761 /* Main.storyboard in Resources */ = {isa = PBXBuildFile; fileRef = 873E5EA21E25316500857761 /* Main.storyboard */; };
		873E5EA61E25316500857761 /* Assets.xcassets in Resources */ = {isa = PBXBuildFile; fileRef = 873E5EA51E25316500857761 /* Assets.xcassets */; };
		873E5EA91E25316500857761 /* LaunchScreen.storyboard in Resources */ = {isa = PBXBuildFile; fileRef = 873E5EA71E25316500857761 /* LaunchScreen.storyboard */; };
		873E5EB41E25316500857761 /* EKMediaViewExampleTests.swift in Sources */ = {isa = PBXBuildFile; fileRef = 873E5EB31E25316500857761 /* EKMediaViewExampleTests.swift */; };
		873E5EBF1E25316500857761 /* EKMediaViewExampleUITests.swift in Sources */ = {isa = PBXBuildFile; fileRef = 873E5EBE1E25316500857761 /* EKMediaViewExampleUITests.swift */; };
		873E5ECF1E2534A300857761 /* EKMedia.swift in Sources */ = {isa = PBXBuildFile; fileRef = 873E5ECE1E2534A300857761 /* EKMedia.swift */; };
		873E5ED11E2534B900857761 /* EKMediaView.swift in Sources */ = {isa = PBXBuildFile; fileRef = 873E5ED01E2534B900857761 /* EKMediaView.swift */; };
		8776686A1E40C8110087A4B7 /* EKListTableViewCell.swift in Sources */ = {isa = PBXBuildFile; fileRef = 877668681E40C8110087A4B7 /* EKListTableViewCell.swift */; };
		8776686B1E40C8110087A4B7 /* EKListTableViewCell.xib in Resources */ = {isa = PBXBuildFile; fileRef = 877668691E40C8110087A4B7 /* EKListTableViewCell.xib */; };
		8776686D1E40CDE20087A4B7 /* MediaListTableViewController.swift in Sources */ = {isa = PBXBuildFile; fileRef = 8776686C1E40CDE20087A4B7 /* MediaListTableViewController.swift */; };
		8778FC151E524B6500516D24 /* dance.mov in Resources */ = {isa = PBXBuildFile; fileRef = 8778FC141E524B6500516D24 /* dance.mov */; };
		8792AA121E4F306900BA95B0 /* EKMediaPageViewController.swift in Sources */ = {isa = PBXBuildFile; fileRef = 8792AA111E4F306900BA95B0 /* EKMediaPageViewController.swift */; };
		8792AA181E4F5B3C00BA95B0 /* 6.jpg in Resources */ = {isa = PBXBuildFile; fileRef = 8792AA151E4F5B3C00BA95B0 /* 6.jpg */; };
		8792AA191E4F5B3C00BA95B0 /* 5.jpg in Resources */ = {isa = PBXBuildFile; fileRef = 8792AA161E4F5B3C00BA95B0 /* 5.jpg */; };
		8792AA1A1E4F5B3C00BA95B0 /* 4.jpg in Resources */ = {isa = PBXBuildFile; fileRef = 8792AA171E4F5B3C00BA95B0 /* 4.jpg */; };
		8792AA1F1E4F672700BA95B0 /* train.mov in Resources */ = {isa = PBXBuildFile; fileRef = 8792AA1E1E4F672700BA95B0 /* train.mov */; };
		87A96DBD1E337CEA00D36B0E /* 1.jpg in Resources */ = {isa = PBXBuildFile; fileRef = 87A96DB81E337CEA00D36B0E /* 1.jpg */; };
		87A96DBE1E337CEA00D36B0E /* 2.jpg in Resources */ = {isa = PBXBuildFile; fileRef = 87A96DB91E337CEA00D36B0E /* 2.jpg */; };
		87A96DBF1E337CEA00D36B0E /* 3.jpg in Resources */ = {isa = PBXBuildFile; fileRef = 87A96DBA1E337CEA00D36B0E /* 3.jpg */; };
		87A96DC01E337CEA00D36B0E /* video_1mb.mp4 in Resources */ = {isa = PBXBuildFile; fileRef = 87A96DBB1E337CEA00D36B0E /* video_1mb.mp4 */; };
		87A96DC31E337D0E00D36B0E /* MockManager.swift in Sources */ = {isa = PBXBuildFile; fileRef = 87A96DC21E337D0E00D36B0E /* MockManager.swift */; };
/* End PBXBuildFile section */

/* Begin PBXContainerItemProxy section */
		873E5EB01E25316500857761 /* PBXContainerItemProxy */ = {
			isa = PBXContainerItemProxy;
			containerPortal = 873E5E931E25316500857761 /* Project object */;
			proxyType = 1;
			remoteGlobalIDString = 873E5E9A1E25316500857761;
			remoteInfo = EKMediaViewExample;
		};
		873E5EBB1E25316500857761 /* PBXContainerItemProxy */ = {
			isa = PBXContainerItemProxy;
			containerPortal = 873E5E931E25316500857761 /* Project object */;
			proxyType = 1;
			remoteGlobalIDString = 873E5E9A1E25316500857761;
			remoteInfo = EKMediaViewExample;
		};
/* End PBXContainerItemProxy section */

/* Begin PBXFileReference section */
		873E5E9B1E25316500857761 /* EKMediaViewExample.app */ = {isa = PBXFileReference; explicitFileType = wrapper.application; includeInIndex = 0; path = EKMediaViewExample.app; sourceTree = BUILT_PRODUCTS_DIR; };
		873E5E9E1E25316500857761 /* AppDelegate.swift */ = {isa = PBXFileReference; lastKnownFileType = sourcecode.swift; path = AppDelegate.swift; sourceTree = "<group>"; };
		873E5EA31E25316500857761 /* Base */ = {isa = PBXFileReference; lastKnownFileType = file.storyboard; name = Base; path = Base.lproj/Main.storyboard; sourceTree = "<group>"; };
		873E5EA51E25316500857761 /* Assets.xcassets */ = {isa = PBXFileReference; lastKnownFileType = folder.assetcatalog; path = Assets.xcassets; sourceTree = "<group>"; };
		873E5EA81E25316500857761 /* Base */ = {isa = PBXFileReference; lastKnownFileType = file.storyboard; name = Base; path = Base.lproj/LaunchScreen.storyboard; sourceTree = "<group>"; };
		873E5EAA1E25316500857761 /* Info.plist */ = {isa = PBXFileReference; lastKnownFileType = text.plist.xml; path = Info.plist; sourceTree = "<group>"; };
		873E5EAF1E25316500857761 /* EKMediaViewExampleTests.xctest */ = {isa = PBXFileReference; explicitFileType = wrapper.cfbundle; includeInIndex = 0; path = EKMediaViewExampleTests.xctest; sourceTree = BUILT_PRODUCTS_DIR; };
		873E5EB31E25316500857761 /* EKMediaViewExampleTests.swift */ = {isa = PBXFileReference; lastKnownFileType = sourcecode.swift; path = EKMediaViewExampleTests.swift; sourceTree = "<group>"; };
		873E5EB51E25316500857761 /* Info.plist */ = {isa = PBXFileReference; lastKnownFileType = text.plist.xml; path = Info.plist; sourceTree = "<group>"; };
		873E5EBA1E25316500857761 /* EKMediaViewExampleUITests.xctest */ = {isa = PBXFileReference; explicitFileType = wrapper.cfbundle; includeInIndex = 0; path = EKMediaViewExampleUITests.xctest; sourceTree = BUILT_PRODUCTS_DIR; };
		873E5EBE1E25316500857761 /* EKMediaViewExampleUITests.swift */ = {isa = PBXFileReference; lastKnownFileType = sourcecode.swift; path = EKMediaViewExampleUITests.swift; sourceTree = "<group>"; };
		873E5EC01E25316500857761 /* Info.plist */ = {isa = PBXFileReference; lastKnownFileType = text.plist.xml; path = Info.plist; sourceTree = "<group>"; };
		873E5ECE1E2534A300857761 /* EKMedia.swift */ = {isa = PBXFileReference; fileEncoding = 4; lastKnownFileType = sourcecode.swift; path = EKMedia.swift; sourceTree = "<group>"; };
		873E5ED01E2534B900857761 /* EKMediaView.swift */ = {isa = PBXFileReference; fileEncoding = 4; lastKnownFileType = sourcecode.swift; path = EKMediaView.swift; sourceTree = "<group>"; };
		877668681E40C8110087A4B7 /* EKListTableViewCell.swift */ = {isa = PBXFileReference; fileEncoding = 4; lastKnownFileType = sourcecode.swift; path = EKListTableViewCell.swift; sourceTree = "<group>"; };
		877668691E40C8110087A4B7 /* EKListTableViewCell.xib */ = {isa = PBXFileReference; fileEncoding = 4; lastKnownFileType = file.xib; path = EKListTableViewCell.xib; sourceTree = "<group>"; };
		8776686C1E40CDE20087A4B7 /* MediaListTableViewController.swift */ = {isa = PBXFileReference; fileEncoding = 4; lastKnownFileType = sourcecode.swift; path = MediaListTableViewController.swift; sourceTree = "<group>"; };
		8778FC141E524B6500516D24 /* dance.mov */ = {isa = PBXFileReference; lastKnownFileType = video.quicktime; path = dance.mov; sourceTree = "<group>"; };
		8792AA111E4F306900BA95B0 /* EKMediaPageViewController.swift */ = {isa = PBXFileReference; fileEncoding = 4; lastKnownFileType = sourcecode.swift; name = EKMediaPageViewController.swift; path = ../EKMediaPageViewController.swift; sourceTree = "<group>"; };
		8792AA151E4F5B3C00BA95B0 /* 6.jpg */ = {isa = PBXFileReference; lastKnownFileType = image.jpeg; path = 6.jpg; sourceTree = "<group>"; };
		8792AA161E4F5B3C00BA95B0 /* 5.jpg */ = {isa = PBXFileReference; lastKnownFileType = image.jpeg; path = 5.jpg; sourceTree = "<group>"; };
		8792AA171E4F5B3C00BA95B0 /* 4.jpg */ = {isa = PBXFileReference; lastKnownFileType = image.jpeg; path = 4.jpg; sourceTree = "<group>"; };
		8792AA1E1E4F672700BA95B0 /* train.mov */ = {isa = PBXFileReference; lastKnownFileType = video.quicktime; path = train.mov; sourceTree = "<group>"; };
		87A96DB81E337CEA00D36B0E /* 1.jpg */ = {isa = PBXFileReference; lastKnownFileType = image.jpeg; path = 1.jpg; sourceTree = "<group>"; };
		87A96DB91E337CEA00D36B0E /* 2.jpg */ = {isa = PBXFileReference; lastKnownFileType = image.jpeg; path = 2.jpg; sourceTree = "<group>"; };
		87A96DBA1E337CEA00D36B0E /* 3.jpg */ = {isa = PBXFileReference; lastKnownFileType = image.jpeg; path = 3.jpg; sourceTree = "<group>"; };
		87A96DBB1E337CEA00D36B0E /* video_1mb.mp4 */ = {isa = PBXFileReference; lastKnownFileType = file; path = video_1mb.mp4; sourceTree = "<group>"; };
		87A96DC21E337D0E00D36B0E /* MockManager.swift */ = {isa = PBXFileReference; fileEncoding = 4; lastKnownFileType = sourcecode.swift; path = MockManager.swift; sourceTree = "<group>"; };
/* End PBXFileReference section */

/* Begin PBXFrameworksBuildPhase section */
		873E5E981E25316500857761 /* Frameworks */ = {
			isa = PBXFrameworksBuildPhase;
			buildActionMask = 2147483647;
			files = (
			);
			runOnlyForDeploymentPostprocessing = 0;
		};
		873E5EAC1E25316500857761 /* Frameworks */ = {
			isa = PBXFrameworksBuildPhase;
			buildActionMask = 2147483647;
			files = (
			);
			runOnlyForDeploymentPostprocessing = 0;
		};
		873E5EB71E25316500857761 /* Frameworks */ = {
			isa = PBXFrameworksBuildPhase;
			buildActionMask = 2147483647;
			files = (
			);
			runOnlyForDeploymentPostprocessing = 0;
		};
/* End PBXFrameworksBuildPhase section */

/* Begin PBXGroup section */
		873E5E921E25316500857761 = {
			isa = PBXGroup;
			children = (
				873E5E9D1E25316500857761 /* EKMediaViewExample */,
				873E5EB21E25316500857761 /* EKMediaViewExampleTests */,
				873E5EBD1E25316500857761 /* EKMediaViewExampleUITests */,
				873E5E9C1E25316500857761 /* Products */,
			);
			sourceTree = "<group>";
		};
		873E5E9C1E25316500857761 /* Products */ = {
			isa = PBXGroup;
			children = (
				873E5E9B1E25316500857761 /* EKMediaViewExample.app */,
				873E5EAF1E25316500857761 /* EKMediaViewExampleTests.xctest */,
				873E5EBA1E25316500857761 /* EKMediaViewExampleUITests.xctest */,
			);
			name = Products;
			sourceTree = "<group>";
		};
		873E5E9D1E25316500857761 /* EKMediaViewExample */ = {
			isa = PBXGroup;
			children = (
				877668671E40C7CD0087A4B7 /* Cells */,
				87A96DB71E3379D100D36B0E /* Resources */,
				873E5ECD1E25344200857761 /* EKMediaView */,
				87A96DB61E3377FE00D36B0E /* Mock */,
				873E5E9E1E25316500857761 /* AppDelegate.swift */,
				873E5EA21E25316500857761 /* Main.storyboard */,
				873E5EA51E25316500857761 /* Assets.xcassets */,
				873E5EA71E25316500857761 /* LaunchScreen.storyboard */,
				873E5EAA1E25316500857761 /* Info.plist */,
				8792AA111E4F306900BA95B0 /* EKMediaPageViewController.swift */,
				8776686C1E40CDE20087A4B7 /* MediaListTableViewController.swift */,
			);
			path = EKMediaViewExample;
			sourceTree = "<group>";
		};
		873E5EB21E25316500857761 /* EKMediaViewExampleTests */ = {
			isa = PBXGroup;
			children = (
				873E5EB31E25316500857761 /* EKMediaViewExampleTests.swift */,
				873E5EB51E25316500857761 /* Info.plist */,
			);
			path = EKMediaViewExampleTests;
			sourceTree = "<group>";
		};
		873E5EBD1E25316500857761 /* EKMediaViewExampleUITests */ = {
			isa = PBXGroup;
			children = (
				873E5EBE1E25316500857761 /* EKMediaViewExampleUITests.swift */,
				873E5EC01E25316500857761 /* Info.plist */,
			);
			path = EKMediaViewExampleUITests;
			sourceTree = "<group>";
		};
		873E5ECD1E25344200857761 /* EKMediaView */ = {
			isa = PBXGroup;
			children = (
				873E5ECE1E2534A300857761 /* EKMedia.swift */,
				873E5ED01E2534B900857761 /* EKMediaView.swift */,
			);
			name = EKMediaView;
			path = ../../EKMediaView;
			sourceTree = "<group>";
		};
		877668671E40C7CD0087A4B7 /* Cells */ = {
			isa = PBXGroup;
			children = (
				877668681E40C8110087A4B7 /* EKListTableViewCell.swift */,
				877668691E40C8110087A4B7 /* EKListTableViewCell.xib */,
			);
			path = Cells;
			sourceTree = "<group>";
		};
		87A96DB61E3377FE00D36B0E /* Mock */ = {
			isa = PBXGroup;
			children = (
				87A96DC21E337D0E00D36B0E /* MockManager.swift */,
			);
			path = Mock;
			sourceTree = "<group>";
		};
		87A96DB71E3379D100D36B0E /* Resources */ = {
			isa = PBXGroup;
			children = (
				87A96DB81E337CEA00D36B0E /* 1.jpg */,
				87A96DB91E337CEA00D36B0E /* 2.jpg */,
				87A96DBA1E337CEA00D36B0E /* 3.jpg */,
				8792AA171E4F5B3C00BA95B0 /* 4.jpg */,
				8792AA161E4F5B3C00BA95B0 /* 5.jpg */,
				8792AA151E4F5B3C00BA95B0 /* 6.jpg */,
				87A96DBB1E337CEA00D36B0E /* video_1mb.mp4 */,
				8778FC141E524B6500516D24 /* dance.mov */,
				8792AA1E1E4F672700BA95B0 /* train.mov */,
			);
			path = Resources;
			sourceTree = "<group>";
		};
/* End PBXGroup section */

/* Begin PBXNativeTarget section */
		873E5E9A1E25316500857761 /* EKMediaViewExample */ = {
			isa = PBXNativeTarget;
			buildConfigurationList = 873E5EC31E25316500857761 /* Build configuration list for PBXNativeTarget "EKMediaViewExample" */;
			buildPhases = (
				873E5E971E25316500857761 /* Sources */,
				873E5E981E25316500857761 /* Frameworks */,
				873E5E991E25316500857761 /* Resources */,
			);
			buildRules = (
			);
			dependencies = (
			);
			name = EKMediaViewExample;
			productName = EKMediaViewExample;
			productReference = 873E5E9B1E25316500857761 /* EKMediaViewExample.app */;
			productType = "com.apple.product-type.application";
		};
		873E5EAE1E25316500857761 /* EKMediaViewExampleTests */ = {
			isa = PBXNativeTarget;
			buildConfigurationList = 873E5EC61E25316500857761 /* Build configuration list for PBXNativeTarget "EKMediaViewExampleTests" */;
			buildPhases = (
				873E5EAB1E25316500857761 /* Sources */,
				873E5EAC1E25316500857761 /* Frameworks */,
				873E5EAD1E25316500857761 /* Resources */,
			);
			buildRules = (
			);
			dependencies = (
				873E5EB11E25316500857761 /* PBXTargetDependency */,
			);
			name = EKMediaViewExampleTests;
			productName = EKMediaViewExampleTests;
			productReference = 873E5EAF1E25316500857761 /* EKMediaViewExampleTests.xctest */;
			productType = "com.apple.product-type.bundle.unit-test";
		};
		873E5EB91E25316500857761 /* EKMediaViewExampleUITests */ = {
			isa = PBXNativeTarget;
			buildConfigurationList = 873E5EC91E25316500857761 /* Build configuration list for PBXNativeTarget "EKMediaViewExampleUITests" */;
			buildPhases = (
				873E5EB61E25316500857761 /* Sources */,
				873E5EB71E25316500857761 /* Frameworks */,
				873E5EB81E25316500857761 /* Resources */,
			);
			buildRules = (
			);
			dependencies = (
				873E5EBC1E25316500857761 /* PBXTargetDependency */,
			);
			name = EKMediaViewExampleUITests;
			productName = EKMediaViewExampleUITests;
			productReference = 873E5EBA1E25316500857761 /* EKMediaViewExampleUITests.xctest */;
			productType = "com.apple.product-type.bundle.ui-testing";
		};
/* End PBXNativeTarget section */

/* Begin PBXProject section */
		873E5E931E25316500857761 /* Project object */ = {
			isa = PBXProject;
			attributes = {
				LastSwiftUpdateCheck = 0820;
				LastUpgradeCheck = 0820;
				ORGANIZATIONNAME = ekmediaview;
				TargetAttributes = {
					873E5E9A1E25316500857761 = {
						CreatedOnToolsVersion = 8.2;
						ProvisioningStyle = Automatic;
					};
					873E5EAE1E25316500857761 = {
						CreatedOnToolsVersion = 8.2;
						ProvisioningStyle = Automatic;
						TestTargetID = 873E5E9A1E25316500857761;
					};
					873E5EB91E25316500857761 = {
						CreatedOnToolsVersion = 8.2;
						ProvisioningStyle = Automatic;
						TestTargetID = 873E5E9A1E25316500857761;
					};
				};
			};
			buildConfigurationList = 873E5E961E25316500857761 /* Build configuration list for PBXProject "EKMediaViewExample" */;
			compatibilityVersion = "Xcode 3.2";
			developmentRegion = English;
			hasScannedForEncodings = 0;
			knownRegions = (
				en,
				Base,
			);
			mainGroup = 873E5E921E25316500857761;
			productRefGroup = 873E5E9C1E25316500857761 /* Products */;
			projectDirPath = "";
			projectRoot = "";
			targets = (
				873E5E9A1E25316500857761 /* EKMediaViewExample */,
				873E5EAE1E25316500857761 /* EKMediaViewExampleTests */,
				873E5EB91E25316500857761 /* EKMediaViewExampleUITests */,
			);
		};
/* End PBXProject section */

/* Begin PBXResourcesBuildPhase section */
		873E5E991E25316500857761 /* Resources */ = {
			isa = PBXResourcesBuildPhase;
			buildActionMask = 2147483647;
			files = (
				8778FC151E524B6500516D24 /* dance.mov in Resources */,
				8792AA1A1E4F5B3C00BA95B0 /* 4.jpg in Resources */,
				8792AA191E4F5B3C00BA95B0 /* 5.jpg in Resources */,
				87A96DC01E337CEA00D36B0E /* video_1mb.mp4 in Resources */,
				873E5EA91E25316500857761 /* LaunchScreen.storyboard in Resources */,
				87A96DBD1E337CEA00D36B0E /* 1.jpg in Resources */,
				87A96DBE1E337CEA00D36B0E /* 2.jpg in Resources */,
				8792AA181E4F5B3C00BA95B0 /* 6.jpg in Resources */,
				87A96DBF1E337CEA00D36B0E /* 3.jpg in Resources */,
				8776686B1E40C8110087A4B7 /* EKListTableViewCell.xib in Resources */,
				873E5EA61E25316500857761 /* Assets.xcassets in Resources */,
				873E5EA41E25316500857761 /* Main.storyboard in Resources */,
				8792AA1F1E4F672700BA95B0 /* train.mov in Resources */,
			);
			runOnlyForDeploymentPostprocessing = 0;
		};
		873E5EAD1E25316500857761 /* Resources */ = {
			isa = PBXResourcesBuildPhase;
			buildActionMask = 2147483647;
			files = (
			);
			runOnlyForDeploymentPostprocessing = 0;
		};
		873E5EB81E25316500857761 /* Resources */ = {
			isa = PBXResourcesBuildPhase;
			buildActionMask = 2147483647;
			files = (
			);
			runOnlyForDeploymentPostprocessing = 0;
		};
/* End PBXResourcesBuildPhase section */

/* Begin PBXSourcesBuildPhase section */
		873E5E971E25316500857761 /* Sources */ = {
			isa = PBXSourcesBuildPhase;
			buildActionMask = 2147483647;
			files = (
				873E5ECF1E2534A300857761 /* EKMedia.swift in Sources */,
				8776686A1E40C8110087A4B7 /* EKListTableViewCell.swift in Sources */,
				873E5E9F1E25316500857761 /* AppDelegate.swift in Sources */,
				8776686D1E40CDE20087A4B7 /* MediaListTableViewController.swift in Sources */,
				87A96DC31E337D0E00D36B0E /* MockManager.swift in Sources */,
				8792AA121E4F306900BA95B0 /* EKMediaPageViewController.swift in Sources */,
				873E5ED11E2534B900857761 /* EKMediaView.swift in Sources */,
			);
			runOnlyForDeploymentPostprocessing = 0;
		};
		873E5EAB1E25316500857761 /* Sources */ = {
			isa = PBXSourcesBuildPhase;
			buildActionMask = 2147483647;
			files = (
				873E5EB41E25316500857761 /* EKMediaViewExampleTests.swift in Sources */,
			);
			runOnlyForDeploymentPostprocessing = 0;
		};
		873E5EB61E25316500857761 /* Sources */ = {
			isa = PBXSourcesBuildPhase;
			buildActionMask = 2147483647;
			files = (
				873E5EBF1E25316500857761 /* EKMediaViewExampleUITests.swift in Sources */,
			);
			runOnlyForDeploymentPostprocessing = 0;
		};
/* End PBXSourcesBuildPhase section */

/* Begin PBXTargetDependency section */
		873E5EB11E25316500857761 /* PBXTargetDependency */ = {
			isa = PBXTargetDependency;
			target = 873E5E9A1E25316500857761 /* EKMediaViewExample */;
			targetProxy = 873E5EB01E25316500857761 /* PBXContainerItemProxy */;
		};
		873E5EBC1E25316500857761 /* PBXTargetDependency */ = {
			isa = PBXTargetDependency;
			target = 873E5E9A1E25316500857761 /* EKMediaViewExample */;
			targetProxy = 873E5EBB1E25316500857761 /* PBXContainerItemProxy */;
		};
/* End PBXTargetDependency section */

/* Begin PBXVariantGroup section */
		873E5EA21E25316500857761 /* Main.storyboard */ = {
			isa = PBXVariantGroup;
			children = (
				873E5EA31E25316500857761 /* Base */,
			);
			name = Main.storyboard;
			sourceTree = "<group>";
		};
		873E5EA71E25316500857761 /* LaunchScreen.storyboard */ = {
			isa = PBXVariantGroup;
			children = (
				873E5EA81E25316500857761 /* Base */,
			);
			name = LaunchScreen.storyboard;
			sourceTree = "<group>";
		};
/* End PBXVariantGroup section */

/* Begin XCBuildConfiguration section */
		873E5EC11E25316500857761 /* Debug */ = {
			isa = XCBuildConfiguration;
			buildSettings = {
				ALWAYS_SEARCH_USER_PATHS = NO;
				CLANG_ANALYZER_NONNULL = YES;
				CLANG_CXX_LANGUAGE_STANDARD = "gnu++0x";
				CLANG_CXX_LIBRARY = "libc++";
				CLANG_ENABLE_MODULES = YES;
				CLANG_ENABLE_OBJC_ARC = YES;
				CLANG_WARN_BOOL_CONVERSION = YES;
				CLANG_WARN_CONSTANT_CONVERSION = YES;
				CLANG_WARN_DIRECT_OBJC_ISA_USAGE = YES_ERROR;
				CLANG_WARN_DOCUMENTATION_COMMENTS = YES;
				CLANG_WARN_EMPTY_BODY = YES;
				CLANG_WARN_ENUM_CONVERSION = YES;
				CLANG_WARN_INFINITE_RECURSION = YES;
				CLANG_WARN_INT_CONVERSION = YES;
				CLANG_WARN_OBJC_ROOT_CLASS = YES_ERROR;
				CLANG_WARN_SUSPICIOUS_MOVE = YES;
				CLANG_WARN_UNREACHABLE_CODE = YES;
				CLANG_WARN__DUPLICATE_METHOD_MATCH = YES;
				"CODE_SIGN_IDENTITY[sdk=iphoneos*]" = "iPhone Developer";
				COPY_PHASE_STRIP = NO;
				DEBUG_INFORMATION_FORMAT = dwarf;
				ENABLE_STRICT_OBJC_MSGSEND = YES;
				ENABLE_TESTABILITY = YES;
				GCC_C_LANGUAGE_STANDARD = gnu99;
				GCC_DYNAMIC_NO_PIC = NO;
				GCC_NO_COMMON_BLOCKS = YES;
				GCC_OPTIMIZATION_LEVEL = 0;
				GCC_PREPROCESSOR_DEFINITIONS = (
					"DEBUG=1",
					"$(inherited)",
				);
				GCC_WARN_64_TO_32_BIT_CONVERSION = YES;
				GCC_WARN_ABOUT_RETURN_TYPE = YES_ERROR;
				GCC_WARN_UNDECLARED_SELECTOR = YES;
				GCC_WARN_UNINITIALIZED_AUTOS = YES_AGGRESSIVE;
				GCC_WARN_UNUSED_FUNCTION = YES;
				GCC_WARN_UNUSED_VARIABLE = YES;
				IPHONEOS_DEPLOYMENT_TARGET = 10.2;
				MTL_ENABLE_DEBUG_INFO = YES;
				ONLY_ACTIVE_ARCH = YES;
				SDKROOT = iphoneos;
				SWIFT_ACTIVE_COMPILATION_CONDITIONS = DEBUG;
				SWIFT_OPTIMIZATION_LEVEL = "-Onone";
			};
			name = Debug;
		};
		873E5EC21E25316500857761 /* Release */ = {
			isa = XCBuildConfiguration;
			buildSettings = {
				ALWAYS_SEARCH_USER_PATHS = NO;
				CLANG_ANALYZER_NONNULL = YES;
				CLANG_CXX_LANGUAGE_STANDARD = "gnu++0x";
				CLANG_CXX_LIBRARY = "libc++";
				CLANG_ENABLE_MODULES = YES;
				CLANG_ENABLE_OBJC_ARC = YES;
				CLANG_WARN_BOOL_CONVERSION = YES;
				CLANG_WARN_CONSTANT_CONVERSION = YES;
				CLANG_WARN_DIRECT_OBJC_ISA_USAGE = YES_ERROR;
				CLANG_WARN_DOCUMENTATION_COMMENTS = YES;
				CLANG_WARN_EMPTY_BODY = YES;
				CLANG_WARN_ENUM_CONVERSION = YES;
				CLANG_WARN_INFINITE_RECURSION = YES;
				CLANG_WARN_INT_CONVERSION = YES;
				CLANG_WARN_OBJC_ROOT_CLASS = YES_ERROR;
				CLANG_WARN_SUSPICIOUS_MOVE = YES;
				CLANG_WARN_UNREACHABLE_CODE = YES;
				CLANG_WARN__DUPLICATE_METHOD_MATCH = YES;
				"CODE_SIGN_IDENTITY[sdk=iphoneos*]" = "iPhone Developer";
				COPY_PHASE_STRIP = NO;
				DEBUG_INFORMATION_FORMAT = "dwarf-with-dsym";
				ENABLE_NS_ASSERTIONS = NO;
				ENABLE_STRICT_OBJC_MSGSEND = YES;
				GCC_C_LANGUAGE_STANDARD = gnu99;
				GCC_NO_COMMON_BLOCKS = YES;
				GCC_WARN_64_TO_32_BIT_CONVERSION = YES;
				GCC_WARN_ABOUT_RETURN_TYPE = YES_ERROR;
				GCC_WARN_UNDECLARED_SELECTOR = YES;
				GCC_WARN_UNINITIALIZED_AUTOS = YES_AGGRESSIVE;
				GCC_WARN_UNUSED_FUNCTION = YES;
				GCC_WARN_UNUSED_VARIABLE = YES;
				IPHONEOS_DEPLOYMENT_TARGET = 10.2;
				MTL_ENABLE_DEBUG_INFO = NO;
				SDKROOT = iphoneos;
				SWIFT_OPTIMIZATION_LEVEL = "-Owholemodule";
				VALIDATE_PRODUCT = YES;
			};
			name = Release;
		};
		873E5EC41E25316500857761 /* Debug */ = {
			isa = XCBuildConfiguration;
			buildSettings = {
				ASSETCATALOG_COMPILER_APPICON_NAME = AppIcon;
				INFOPLIST_FILE = EKMediaViewExample/Info.plist;
				LD_RUNPATH_SEARCH_PATHS = "$(inherited) @executable_path/Frameworks";
				PRODUCT_BUNDLE_IDENTIFIER = io.mediaview.EKMediaViewExample;
				PRODUCT_NAME = "$(TARGET_NAME)";
				SWIFT_VERSION = 3.0;
			};
			name = Debug;
		};
		873E5EC51E25316500857761 /* Release */ = {
			isa = XCBuildConfiguration;
			buildSettings = {
				ASSETCATALOG_COMPILER_APPICON_NAME = AppIcon;
				INFOPLIST_FILE = EKMediaViewExample/Info.plist;
				LD_RUNPATH_SEARCH_PATHS = "$(inherited) @executable_path/Frameworks";
				PRODUCT_BUNDLE_IDENTIFIER = io.mediaview.EKMediaViewExample;
				PRODUCT_NAME = "$(TARGET_NAME)";
				SWIFT_VERSION = 3.0;
			};
			name = Release;
		};
		873E5EC71E25316500857761 /* Debug */ = {
			isa = XCBuildConfiguration;
			buildSettings = {
				ALWAYS_EMBED_SWIFT_STANDARD_LIBRARIES = YES;
				BUNDLE_LOADER = "$(TEST_HOST)";
				INFOPLIST_FILE = EKMediaViewExampleTests/Info.plist;
				LD_RUNPATH_SEARCH_PATHS = "$(inherited) @executable_path/Frameworks @loader_path/Frameworks";
				PRODUCT_BUNDLE_IDENTIFIER = io.mediaview.EKMediaViewExampleTests;
				PRODUCT_NAME = "$(TARGET_NAME)";
				SWIFT_VERSION = 3.0;
				TEST_HOST = "$(BUILT_PRODUCTS_DIR)/EKMediaViewExample.app/EKMediaViewExample";
			};
			name = Debug;
		};
		873E5EC81E25316500857761 /* Release */ = {
			isa = XCBuildConfiguration;
			buildSettings = {
				ALWAYS_EMBED_SWIFT_STANDARD_LIBRARIES = YES;
				BUNDLE_LOADER = "$(TEST_HOST)";
				INFOPLIST_FILE = EKMediaViewExampleTests/Info.plist;
				LD_RUNPATH_SEARCH_PATHS = "$(inherited) @executable_path/Frameworks @loader_path/Frameworks";
				PRODUCT_BUNDLE_IDENTIFIER = io.mediaview.EKMediaViewExampleTests;
				PRODUCT_NAME = "$(TARGET_NAME)";
				SWIFT_VERSION = 3.0;
				TEST_HOST = "$(BUILT_PRODUCTS_DIR)/EKMediaViewExample.app/EKMediaViewExample";
			};
			name = Release;
		};
		873E5ECA1E25316500857761 /* Debug */ = {
			isa = XCBuildConfiguration;
			buildSettings = {
				ALWAYS_EMBED_SWIFT_STANDARD_LIBRARIES = YES;
				INFOPLIST_FILE = EKMediaViewExampleUITests/Info.plist;
				LD_RUNPATH_SEARCH_PATHS = "$(inherited) @executable_path/Frameworks @loader_path/Frameworks";
				PRODUCT_BUNDLE_IDENTIFIER = io.mediaview.EKMediaViewExampleUITests;
				PRODUCT_NAME = "$(TARGET_NAME)";
				SWIFT_VERSION = 3.0;
				TEST_TARGET_NAME = EKMediaViewExample;
			};
			name = Debug;
		};
		873E5ECB1E25316500857761 /* Release */ = {
			isa = XCBuildConfiguration;
			buildSettings = {
				ALWAYS_EMBED_SWIFT_STANDARD_LIBRARIES = YES;
				INFOPLIST_FILE = EKMediaViewExampleUITests/Info.plist;
				LD_RUNPATH_SEARCH_PATHS = "$(inherited) @executable_path/Frameworks @loader_path/Frameworks";
				PRODUCT_BUNDLE_IDENTIFIER = io.mediaview.EKMediaViewExampleUITests;
				PRODUCT_NAME = "$(TARGET_NAME)";
				SWIFT_VERSION = 3.0;
				TEST_TARGET_NAME = EKMediaViewExample;
			};
			name = Release;
		};
/* End XCBuildConfiguration section */

/* Begin XCConfigurationList section */
		873E5E961E25316500857761 /* Build configuration list for PBXProject "EKMediaViewExample" */ = {
			isa = XCConfigurationList;
			buildConfigurations = (
				873E5EC11E25316500857761 /* Debug */,
				873E5EC21E25316500857761 /* Release */,
			);
			defaultConfigurationIsVisible = 0;
			defaultConfigurationName = Release;
		};
		873E5EC31E25316500857761 /* Build configuration list for PBXNativeTarget "EKMediaViewExample" */ = {
			isa = XCConfigurationList;
			buildConfigurations = (
				873E5EC41E25316500857761 /* Debug */,
				873E5EC51E25316500857761 /* Release */,
			);
			defaultConfigurationIsVisible = 0;
			defaultConfigurationName = Release;
		};
		873E5EC61E25316500857761 /* Build configuration list for PBXNativeTarget "EKMediaViewExampleTests" */ = {
			isa = XCConfigurationList;
			buildConfigurations = (
				873E5EC71E25316500857761 /* Debug */,
				873E5EC81E25316500857761 /* Release */,
			);
			defaultConfigurationIsVisible = 0;
			defaultConfigurationName = Release;
		};
		873E5EC91E25316500857761 /* Build configuration list for PBXNativeTarget "EKMediaViewExampleUITests" */ = {
			isa = XCConfigurationList;
			buildConfigurations = (
				873E5ECA1E25316500857761 /* Debug */,
				873E5ECB1E25316500857761 /* Release */,
			);
			defaultConfigurationIsVisible = 0;
			defaultConfigurationName = Release;
		};
/* End XCConfigurationList section */
	};
	rootObject = 873E5E931E25316500857761 /* Project object */;
}
